{
  "originHash" : "0c10e4a16c911bb954934487dc91b75e80238a7d6e36e375b69c050fa80bddc9",
  "pins" : [
    {
      "identity" : "generative-ai-swift",
      "kind" : "remoteSourceControl",
      "location" : "https://github.com/google/generative-ai-swift",
      "state" : {
        "revision" : "44b8ce120425f9cf53ca756f3434ca2c2696f8bd",
        "version" : "0.5.6"
      }
    },
    {
      "identity" : "langgraph-swift",
      "kind" : "remoteSourceControl",
      "location" : "https://github.com/bsorrentino/LangGraph-Swift",
      "state" : {
        "branch" : "main",
        "revision" : "18cbf4542ac90f73952d8a9c9398d6b3b5de3f25"
      }
    }
  ],
  "version" : 3
}
